// !$*UTF8*$!
{
	archiveVersion = 1;
	classes = {
	};
	objectVersion = 46;
	objects = {

/* Begin PBXBuildFile section */
		00A44CDD1D839791002FEC2E /* AppDelegate.swift in Sources */ = {isa = PBXBuildFile; fileRef = 00A44CDC1D839791002FEC2E /* AppDelegate.swift */; };
		00A44CDF1D839791002FEC2E /* ViewController.swift in Sources */ = {isa = PBXBuildFile; fileRef = 00A44CDE1D839791002FEC2E /* ViewController.swift */; };
		00A44CE21D839791002FEC2E /* Main.storyboard in Resources */ = {isa = PBXBuildFile; fileRef = 00A44CE01D839791002FEC2E /* Main.storyboard */; };
		00A44CE41D839791002FEC2E /* Assets.xcassets in Resources */ = {isa = PBXBuildFile; fileRef = 00A44CE31D839791002FEC2E /* Assets.xcassets */; };
		00A44CE71D839791002FEC2E /* LaunchScreen.storyboard in Resources */ = {isa = PBXBuildFile; fileRef = 00A44CE51D839791002FEC2E /* LaunchScreen.storyboard */; };
		00A44CF21D839791002FEC2E /* crowdLearningTests.swift in Sources */ = {isa = PBXBuildFile; fileRef = 00A44CF11D839791002FEC2E /* crowdLearningTests.swift */; };
		00B2E47A1D83E7FF000AF88A /* FFNN.swift in Sources */ = {isa = PBXBuildFile; fileRef = 00B2E4721D83E7FF000AF88A /* FFNN.swift */; };
		00B2E47B1D83E7FF000AF88A /* FFNN+Storage.swift in Sources */ = {isa = PBXBuildFile; fileRef = 00B2E4731D83E7FF000AF88A /* FFNN+Storage.swift */; };
		00B2E47C1D83E7FF000AF88A /* Matrix.swift in Sources */ = {isa = PBXBuildFile; fileRef = 00B2E4741D83E7FF000AF88A /* Matrix.swift */; };
		00B2E47D1D83E7FF000AF88A /* Operations.swift in Sources */ = {isa = PBXBuildFile; fileRef = 00B2E4751D83E7FF000AF88A /* Operations.swift */; };
		00B2E47E1D83E7FF000AF88A /* Random.swift in Sources */ = {isa = PBXBuildFile; fileRef = 00B2E4761D83E7FF000AF88A /* Random.swift */; };
		00B2E47F1D83E7FF000AF88A /* README.md in Sources */ = {isa = PBXBuildFile; fileRef = 00B2E4771D83E7FF000AF88A /* README.md */; };
		00B2E4801D83E7FF000AF88A /* Storage.swift in Sources */ = {isa = PBXBuildFile; fileRef = 00B2E4781D83E7FF000AF88A /* Storage.swift */; };
		00B2E4811D83E7FF000AF88A /* Vector.swift in Sources */ = {isa = PBXBuildFile; fileRef = 00B2E4791D83E7FF000AF88A /* Vector.swift */; };
		00B2E4831D83EB1C000AF88A /* GoogleService-Info.plist in Resources */ = {isa = PBXBuildFile; fileRef = 00B2E4821D83EB1C000AF88A /* GoogleService-Info.plist */; };
		0A8D5BA71D83DEE200350615 /* landingViewController.swift in Sources */ = {isa = PBXBuildFile; fileRef = 0A8D5BA61D83DEE200350615 /* landingViewController.swift */; };
		0A8D5BA91D83E0BB00350615 /* LoadingView.swift in Sources */ = {isa = PBXBuildFile; fileRef = 0A8D5BA81D83E0BB00350615 /* LoadingView.swift */; };
		0A8D5BAB1D83E3E700350615 /* LoadingViewController.swift in Sources */ = {isa = PBXBuildFile; fileRef = 0A8D5BAA1D83E3E700350615 /* LoadingViewController.swift */; };
		0A8D5BAD1D83E3F400350615 /* WorkingViewController.swift in Sources */ = {isa = PBXBuildFile; fileRef = 0A8D5BAC1D83E3F400350615 /* WorkingViewController.swift */; };
		B9F7DB5A0DD9812B92A3B528 /* Pods_crowdLearningTests.framework in Frameworks */ = {isa = PBXBuildFile; fileRef = F91F098251A8D46E14170DED /* Pods_crowdLearningTests.framework */; };
		CF37E1417D3D990EA1E53ED0 /* Pods_crowdLearning.framework in Frameworks */ = {isa = PBXBuildFile; fileRef = 7865D68E0F9FC6A624742BB4 /* Pods_crowdLearning.framework */; };
/* End PBXBuildFile section */

/* Begin PBXContainerItemProxy section */
		00A44CEE1D839791002FEC2E /* PBXContainerItemProxy */ = {
			isa = PBXContainerItemProxy;
			containerPortal = 00A44CD11D839791002FEC2E /* Project object */;
			proxyType = 1;
			remoteGlobalIDString = 00A44CD81D839791002FEC2E;
			remoteInfo = crowdLearning;
		};
/* End PBXContainerItemProxy section */

/* Begin PBXFileReference section */
		00A44CD91D839791002FEC2E /* crowdLearning.app */ = {isa = PBXFileReference; explicitFileType = wrapper.application; includeInIndex = 0; path = crowdLearning.app; sourceTree = BUILT_PRODUCTS_DIR; };
		00A44CDC1D839791002FEC2E /* AppDelegate.swift */ = {isa = PBXFileReference; lastKnownFileType = sourcecode.swift; path = AppDelegate.swift; sourceTree = "<group>"; };
		00A44CDE1D839791002FEC2E /* ViewController.swift */ = {isa = PBXFileReference; lastKnownFileType = sourcecode.swift; path = ViewController.swift; sourceTree = "<group>"; };
		00A44CE11D839791002FEC2E /* Base */ = {isa = PBXFileReference; lastKnownFileType = file.storyboard; name = Base; path = Base.lproj/Main.storyboard; sourceTree = "<group>"; };
		00A44CE31D839791002FEC2E /* Assets.xcassets */ = {isa = PBXFileReference; lastKnownFileType = folder.assetcatalog; path = Assets.xcassets; sourceTree = "<group>"; };
		00A44CE61D839791002FEC2E /* Base */ = {isa = PBXFileReference; lastKnownFileType = file.storyboard; name = Base; path = Base.lproj/LaunchScreen.storyboard; sourceTree = "<group>"; };
		00A44CE81D839791002FEC2E /* Info.plist */ = {isa = PBXFileReference; lastKnownFileType = text.plist.xml; path = Info.plist; sourceTree = "<group>"; };
		00A44CED1D839791002FEC2E /* crowdLearningTests.xctest */ = {isa = PBXFileReference; explicitFileType = wrapper.cfbundle; includeInIndex = 0; path = crowdLearningTests.xctest; sourceTree = BUILT_PRODUCTS_DIR; };
		00A44CF11D839791002FEC2E /* crowdLearningTests.swift */ = {isa = PBXFileReference; lastKnownFileType = sourcecode.swift; path = crowdLearningTests.swift; sourceTree = "<group>"; };
		00A44CF31D839791002FEC2E /* Info.plist */ = {isa = PBXFileReference; lastKnownFileType = text.plist.xml; path = Info.plist; sourceTree = "<group>"; };
		00B2E4721D83E7FF000AF88A /* FFNN.swift */ = {isa = PBXFileReference; fileEncoding = 4; lastKnownFileType = sourcecode.swift; path = FFNN.swift; sourceTree = "<group>"; };
		00B2E4731D83E7FF000AF88A /* FFNN+Storage.swift */ = {isa = PBXFileReference; fileEncoding = 4; lastKnownFileType = sourcecode.swift; path = "FFNN+Storage.swift"; sourceTree = "<group>"; };
		00B2E4741D83E7FF000AF88A /* Matrix.swift */ = {isa = PBXFileReference; fileEncoding = 4; lastKnownFileType = sourcecode.swift; path = Matrix.swift; sourceTree = "<group>"; };
		00B2E4751D83E7FF000AF88A /* Operations.swift */ = {isa = PBXFileReference; fileEncoding = 4; lastKnownFileType = sourcecode.swift; path = Operations.swift; sourceTree = "<group>"; };
		00B2E4761D83E7FF000AF88A /* Random.swift */ = {isa = PBXFileReference; fileEncoding = 4; lastKnownFileType = sourcecode.swift; path = Random.swift; sourceTree = "<group>"; };
		00B2E4771D83E7FF000AF88A /* README.md */ = {isa = PBXFileReference; fileEncoding = 4; lastKnownFileType = net.daringfireball.markdown; path = README.md; sourceTree = "<group>"; };
		00B2E4781D83E7FF000AF88A /* Storage.swift */ = {isa = PBXFileReference; fileEncoding = 4; lastKnownFileType = sourcecode.swift; path = Storage.swift; sourceTree = "<group>"; };
		00B2E4791D83E7FF000AF88A /* Vector.swift */ = {isa = PBXFileReference; fileEncoding = 4; lastKnownFileType = sourcecode.swift; path = Vector.swift; sourceTree = "<group>"; };
		00B2E4821D83EB1C000AF88A /* GoogleService-Info.plist */ = {isa = PBXFileReference; fileEncoding = 4; lastKnownFileType = text.plist.xml; path = "GoogleService-Info.plist"; sourceTree = "<group>"; };
		0A8D5BA61D83DEE200350615 /* landingViewController.swift */ = {isa = PBXFileReference; fileEncoding = 4; lastKnownFileType = sourcecode.swift; path = landingViewController.swift; sourceTree = "<group>"; };
		0A8D5BA81D83E0BB00350615 /* LoadingView.swift */ = {isa = PBXFileReference; fileEncoding = 4; lastKnownFileType = sourcecode.swift; path = LoadingView.swift; sourceTree = "<group>"; };
		0A8D5BAA1D83E3E700350615 /* LoadingViewController.swift */ = {isa = PBXFileReference; fileEncoding = 4; lastKnownFileType = sourcecode.swift; path = LoadingViewController.swift; sourceTree = "<group>"; };
		0A8D5BAC1D83E3F400350615 /* WorkingViewController.swift */ = {isa = PBXFileReference; fileEncoding = 4; lastKnownFileType = sourcecode.swift; path = WorkingViewController.swift; sourceTree = "<group>"; };
		301EB15544ED5EB041C089BD /* Pods-crowdLearning.debug.xcconfig */ = {isa = PBXFileReference; includeInIndex = 1; lastKnownFileType = text.xcconfig; name = "Pods-crowdLearning.debug.xcconfig"; path = "Pods/Target Support Files/Pods-crowdLearning/Pods-crowdLearning.debug.xcconfig"; sourceTree = "<group>"; };
		3A95CE3F4308F02B69B7E5A9 /* Pods-crowdLearningTests.debug.xcconfig */ = {isa = PBXFileReference; includeInIndex = 1; lastKnownFileType = text.xcconfig; name = "Pods-crowdLearningTests.debug.xcconfig"; path = "Pods/Target Support Files/Pods-crowdLearningTests/Pods-crowdLearningTests.debug.xcconfig"; sourceTree = "<group>"; };
		5BC89BC496BB0231F9D2872D /* Pods-crowdLearning.release.xcconfig */ = {isa = PBXFileReference; includeInIndex = 1; lastKnownFileType = text.xcconfig; name = "Pods-crowdLearning.release.xcconfig"; path = "Pods/Target Support Files/Pods-crowdLearning/Pods-crowdLearning.release.xcconfig"; sourceTree = "<group>"; };
		7865D68E0F9FC6A624742BB4 /* Pods_crowdLearning.framework */ = {isa = PBXFileReference; explicitFileType = wrapper.framework; includeInIndex = 0; path = Pods_crowdLearning.framework; sourceTree = BUILT_PRODUCTS_DIR; };
		B84F8E8003F70F742243F373 /* Pods-crowdLearningTests.release.xcconfig */ = {isa = PBXFileReference; includeInIndex = 1; lastKnownFileType = text.xcconfig; name = "Pods-crowdLearningTests.release.xcconfig"; path = "Pods/Target Support Files/Pods-crowdLearningTests/Pods-crowdLearningTests.release.xcconfig"; sourceTree = "<group>"; };
		F91F098251A8D46E14170DED /* Pods_crowdLearningTests.framework */ = {isa = PBXFileReference; explicitFileType = wrapper.framework; includeInIndex = 0; path = Pods_crowdLearningTests.framework; sourceTree = BUILT_PRODUCTS_DIR; };
/* End PBXFileReference section */

/* Begin PBXFrameworksBuildPhase section */
		00A44CD61D839791002FEC2E /* Frameworks */ = {
			isa = PBXFrameworksBuildPhase;
			buildActionMask = 2147483647;
			files = (
				CF37E1417D3D990EA1E53ED0 /* Pods_crowdLearning.framework in Frameworks */,
			);
			runOnlyForDeploymentPostprocessing = 0;
		};
		00A44CEA1D839791002FEC2E /* Frameworks */ = {
			isa = PBXFrameworksBuildPhase;
			buildActionMask = 2147483647;
			files = (
				B9F7DB5A0DD9812B92A3B528 /* Pods_crowdLearningTests.framework in Frameworks */,
			);
			runOnlyForDeploymentPostprocessing = 0;
		};
/* End PBXFrameworksBuildPhase section */

/* Begin PBXGroup section */
		00A44CD01D839791002FEC2E = {
			isa = PBXGroup;
			children = (
				00A44CDB1D839791002FEC2E /* crowdLearning */,
				00A44CF01D839791002FEC2E /* crowdLearningTests */,
				00A44CDA1D839791002FEC2E /* Products */,
				2E1CC8EDBE994AE501800D5F /* Pods */,
				BF3B36A73A3E4D46F45E22E7 /* Frameworks */,
			);
			sourceTree = "<group>";
		};
		00A44CDA1D839791002FEC2E /* Products */ = {
			isa = PBXGroup;
			children = (
				00A44CD91D839791002FEC2E /* crowdLearning.app */,
				00A44CED1D839791002FEC2E /* crowdLearningTests.xctest */,
			);
			name = Products;
			sourceTree = "<group>";
		};
		00A44CDB1D839791002FEC2E /* crowdLearning */ = {
			isa = PBXGroup;
			children = (
				00A44CDC1D839791002FEC2E /* AppDelegate.swift */,
				00B2E4711D83E7C5000AF88A /* SwiftAI */,
				00A44CDE1D839791002FEC2E /* ViewController.swift */,
				00A44CE01D839791002FEC2E /* Main.storyboard */,
				0A8D5BAC1D83E3F400350615 /* WorkingViewController.swift */,
				0A8D5BAA1D83E3E700350615 /* LoadingViewController.swift */,
				0A8D5BA81D83E0BB00350615 /* LoadingView.swift */,
				0A8D5BA61D83DEE200350615 /* landingViewController.swift */,
				00A44CE31D839791002FEC2E /* Assets.xcassets */,
				00A44CE51D839791002FEC2E /* LaunchScreen.storyboard */,
				00A44CE81D839791002FEC2E /* Info.plist */,
				00B2E4821D83EB1C000AF88A /* GoogleService-Info.plist */,
			);
			path = crowdLearning;
			sourceTree = "<group>";
		};
		00A44CF01D839791002FEC2E /* crowdLearningTests */ = {
			isa = PBXGroup;
			children = (
				00A44CF11D839791002FEC2E /* crowdLearningTests.swift */,
				00A44CF31D839791002FEC2E /* Info.plist */,
			);
			path = crowdLearningTests;
			sourceTree = "<group>";
		};
		00B2E4711D83E7C5000AF88A /* SwiftAI */ = {
			isa = PBXGroup;
			children = (
				00B2E4721D83E7FF000AF88A /* FFNN.swift */,
				00B2E4731D83E7FF000AF88A /* FFNN+Storage.swift */,
				00B2E4741D83E7FF000AF88A /* Matrix.swift */,
				00B2E4751D83E7FF000AF88A /* Operations.swift */,
				00B2E4761D83E7FF000AF88A /* Random.swift */,
				00B2E4771D83E7FF000AF88A /* README.md */,
				00B2E4781D83E7FF000AF88A /* Storage.swift */,
				00B2E4791D83E7FF000AF88A /* Vector.swift */,
			);
			name = SwiftAI;
			sourceTree = "<group>";
		};
		2E1CC8EDBE994AE501800D5F /* Pods */ = {
			isa = PBXGroup;
			children = (
				301EB15544ED5EB041C089BD /* Pods-crowdLearning.debug.xcconfig */,
				5BC89BC496BB0231F9D2872D /* Pods-crowdLearning.release.xcconfig */,
				3A95CE3F4308F02B69B7E5A9 /* Pods-crowdLearningTests.debug.xcconfig */,
				B84F8E8003F70F742243F373 /* Pods-crowdLearningTests.release.xcconfig */,
			);
			name = Pods;
			sourceTree = "<group>";
		};
		BF3B36A73A3E4D46F45E22E7 /* Frameworks */ = {
			isa = PBXGroup;
			children = (
				7865D68E0F9FC6A624742BB4 /* Pods_crowdLearning.framework */,
				F91F098251A8D46E14170DED /* Pods_crowdLearningTests.framework */,
			);
			name = Frameworks;
			sourceTree = "<group>";
		};
/* End PBXGroup section */

/* Begin PBXNativeTarget section */
		00A44CD81D839791002FEC2E /* crowdLearning */ = {
			isa = PBXNativeTarget;
			buildConfigurationList = 00A44CF61D839791002FEC2E /* Build configuration list for PBXNativeTarget "crowdLearning" */;
			buildPhases = (
				2759923F25059F785A942F4E /* 📦 Check Pods Manifest.lock */,
				00A44CD51D839791002FEC2E /* Sources */,
				00A44CD61D839791002FEC2E /* Frameworks */,
				00A44CD71D839791002FEC2E /* Resources */,
				378D53FBCD779B55AA857ACB /* 📦 Embed Pods Frameworks */,
				02D316BD3E824C0B3C872103 /* 📦 Copy Pods Resources */,
			);
			buildRules = (
			);
			dependencies = (
			);
			name = crowdLearning;
			productName = crowdLearning;
			productReference = 00A44CD91D839791002FEC2E /* crowdLearning.app */;
			productType = "com.apple.product-type.application";
		};
		00A44CEC1D839791002FEC2E /* crowdLearningTests */ = {
			isa = PBXNativeTarget;
			buildConfigurationList = 00A44CF91D839791002FEC2E /* Build configuration list for PBXNativeTarget "crowdLearningTests" */;
			buildPhases = (
				10A7C275C089BC28CAB4705A /* 📦 Check Pods Manifest.lock */,
				00A44CE91D839791002FEC2E /* Sources */,
				00A44CEA1D839791002FEC2E /* Frameworks */,
				00A44CEB1D839791002FEC2E /* Resources */,
				BE8691BDEC4F3D8CD5740590 /* 📦 Embed Pods Frameworks */,
				929E508305A6657E1F0453A6 /* 📦 Copy Pods Resources */,
			);
			buildRules = (
			);
			dependencies = (
				00A44CEF1D839791002FEC2E /* PBXTargetDependency */,
			);
			name = crowdLearningTests;
			productName = crowdLearningTests;
			productReference = 00A44CED1D839791002FEC2E /* crowdLearningTests.xctest */;
			productType = "com.apple.product-type.bundle.unit-test";
		};
/* End PBXNativeTarget section */

/* Begin PBXProject section */
		00A44CD11D839791002FEC2E /* Project object */ = {
			isa = PBXProject;
			attributes = {
				LastSwiftUpdateCheck = 0730;
				LastUpgradeCheck = 0730;
				ORGANIZATIONNAME = myh1000;
				TargetAttributes = {
					00A44CD81D839791002FEC2E = {
						CreatedOnToolsVersion = 7.3.1;
					};
					00A44CEC1D839791002FEC2E = {
						CreatedOnToolsVersion = 7.3.1;
						TestTargetID = 00A44CD81D839791002FEC2E;
					};
				};
			};
			buildConfigurationList = 00A44CD41D839791002FEC2E /* Build configuration list for PBXProject "crowdLearning" */;
			compatibilityVersion = "Xcode 3.2";
			developmentRegion = English;
			hasScannedForEncodings = 0;
			knownRegions = (
				en,
				Base,
			);
			mainGroup = 00A44CD01D839791002FEC2E;
			productRefGroup = 00A44CDA1D839791002FEC2E /* Products */;
			projectDirPath = "";
			projectRoot = "";
			targets = (
				00A44CD81D839791002FEC2E /* crowdLearning */,
				00A44CEC1D839791002FEC2E /* crowdLearningTests */,
			);
		};
/* End PBXProject section */

/* Begin PBXResourcesBuildPhase section */
		00A44CD71D839791002FEC2E /* Resources */ = {
			isa = PBXResourcesBuildPhase;
			buildActionMask = 2147483647;
			files = (
				00A44CE71D839791002FEC2E /* LaunchScreen.storyboard in Resources */,
				00B2E4831D83EB1C000AF88A /* GoogleService-Info.plist in Resources */,
				00A44CE41D839791002FEC2E /* Assets.xcassets in Resources */,
				00A44CE21D839791002FEC2E /* Main.storyboard in Resources */,
			);
			runOnlyForDeploymentPostprocessing = 0;
		};
		00A44CEB1D839791002FEC2E /* Resources */ = {
			isa = PBXResourcesBuildPhase;
			buildActionMask = 2147483647;
			files = (
			);
			runOnlyForDeploymentPostprocessing = 0;
		};
/* End PBXResourcesBuildPhase section */

/* Begin PBXShellScriptBuildPhase section */
		02D316BD3E824C0B3C872103 /* 📦 Copy Pods Resources */ = {
			isa = PBXShellScriptBuildPhase;
			buildActionMask = 2147483647;
			files = (
			);
			inputPaths = (
			);
			name = "📦 Copy Pods Resources";
			outputPaths = (
			);
			runOnlyForDeploymentPostprocessing = 0;
			shellPath = /bin/sh;
			shellScript = "\"${SRCROOT}/Pods/Target Support Files/Pods-crowdLearning/Pods-crowdLearning-resources.sh\"\n";
			showEnvVarsInLog = 0;
		};
		10A7C275C089BC28CAB4705A /* 📦 Check Pods Manifest.lock */ = {
			isa = PBXShellScriptBuildPhase;
			buildActionMask = 2147483647;
			files = (
			);
			inputPaths = (
			);
			name = "📦 Check Pods Manifest.lock";
			outputPaths = (
			);
			runOnlyForDeploymentPostprocessing = 0;
			shellPath = /bin/sh;
			shellScript = "diff \"${PODS_ROOT}/../Podfile.lock\" \"${PODS_ROOT}/Manifest.lock\" > /dev/null\nif [[ $? != 0 ]] ; then\n    cat << EOM\nerror: The sandbox is not in sync with the Podfile.lock. Run 'pod install' or update your CocoaPods installation.\nEOM\n    exit 1\nfi\n";
			showEnvVarsInLog = 0;
		};
		2759923F25059F785A942F4E /* 📦 Check Pods Manifest.lock */ = {
			isa = PBXShellScriptBuildPhase;
			buildActionMask = 2147483647;
			files = (
			);
			inputPaths = (
			);
			name = "📦 Check Pods Manifest.lock";
			outputPaths = (
			);
			runOnlyForDeploymentPostprocessing = 0;
			shellPath = /bin/sh;
			shellScript = "diff \"${PODS_ROOT}/../Podfile.lock\" \"${PODS_ROOT}/Manifest.lock\" > /dev/null\nif [[ $? != 0 ]] ; then\n    cat << EOM\nerror: The sandbox is not in sync with the Podfile.lock. Run 'pod install' or update your CocoaPods installation.\nEOM\n    exit 1\nfi\n";
			showEnvVarsInLog = 0;
		};
		378D53FBCD779B55AA857ACB /* 📦 Embed Pods Frameworks */ = {
			isa = PBXShellScriptBuildPhase;
			buildActionMask = 2147483647;
			files = (
			);
			inputPaths = (
			);
			name = "📦 Embed Pods Frameworks";
			outputPaths = (
			);
			runOnlyForDeploymentPostprocessing = 0;
			shellPath = /bin/sh;
			shellScript = "\"${SRCROOT}/Pods/Target Support Files/Pods-crowdLearning/Pods-crowdLearning-frameworks.sh\"\n";
			showEnvVarsInLog = 0;
		};
		929E508305A6657E1F0453A6 /* 📦 Copy Pods Resources */ = {
			isa = PBXShellScriptBuildPhase;
			buildActionMask = 2147483647;
			files = (
			);
			inputPaths = (
			);
			name = "📦 Copy Pods Resources";
			outputPaths = (
			);
			runOnlyForDeploymentPostprocessing = 0;
			shellPath = /bin/sh;
			shellScript = "\"${SRCROOT}/Pods/Target Support Files/Pods-crowdLearningTests/Pods-crowdLearningTests-resources.sh\"\n";
			showEnvVarsInLog = 0;
		};
		BE8691BDEC4F3D8CD5740590 /* 📦 Embed Pods Frameworks */ = {
			isa = PBXShellScriptBuildPhase;
			buildActionMask = 2147483647;
			files = (
			);
			inputPaths = (
			);
			name = "📦 Embed Pods Frameworks";
			outputPaths = (
			);
			runOnlyForDeploymentPostprocessing = 0;
			shellPath = /bin/sh;
			shellScript = "\"${SRCROOT}/Pods/Target Support Files/Pods-crowdLearningTests/Pods-crowdLearningTests-frameworks.sh\"\n";
			showEnvVarsInLog = 0;
		};
/* End PBXShellScriptBuildPhase section */

/* Begin PBXSourcesBuildPhase section */
		00A44CD51D839791002FEC2E /* Sources */ = {
			isa = PBXSourcesBuildPhase;
			buildActionMask = 2147483647;
			files = (
				0A8D5BA71D83DEE200350615 /* landingViewController.swift in Sources */,
				0A8D5BA91D83E0BB00350615 /* LoadingView.swift in Sources */,
				00B2E47C1D83E7FF000AF88A /* Matrix.swift in Sources */,
				0A8D5BAB1D83E3E700350615 /* LoadingViewController.swift in Sources */,
				00A44CDF1D839791002FEC2E /* ViewController.swift in Sources */,
				0A8D5BAD1D83E3F400350615 /* WorkingViewController.swift in Sources */,
				00B2E47F1D83E7FF000AF88A /* README.md in Sources */,
				00B2E47B1D83E7FF000AF88A /* FFNN+Storage.swift in Sources */,
				00B2E47A1D83E7FF000AF88A /* FFNN.swift in Sources */,
				00A44CDD1D839791002FEC2E /* AppDelegate.swift in Sources */,
				00B2E4811D83E7FF000AF88A /* Vector.swift in Sources */,
				00B2E47D1D83E7FF000AF88A /* Operations.swift in Sources */,
				00B2E47E1D83E7FF000AF88A /* Random.swift in Sources */,
				00B2E4801D83E7FF000AF88A /* Storage.swift in Sources */,
			);
			runOnlyForDeploymentPostprocessing = 0;
		};
		00A44CE91D839791002FEC2E /* Sources */ = {
			isa = PBXSourcesBuildPhase;
			buildActionMask = 2147483647;
			files = (
				00A44CF21D839791002FEC2E /* crowdLearningTests.swift in Sources */,
			);
			runOnlyForDeploymentPostprocessing = 0;
		};
/* End PBXSourcesBuildPhase section */

/* Begin PBXTargetDependency section */
		00A44CEF1D839791002FEC2E /* PBXTargetDependency */ = {
			isa = PBXTargetDependency;
			target = 00A44CD81D839791002FEC2E /* crowdLearning */;
			targetProxy = 00A44CEE1D839791002FEC2E /* PBXContainerItemProxy */;
		};
/* End PBXTargetDependency section */

/* Begin PBXVariantGroup section */
		00A44CE01D839791002FEC2E /* Main.storyboard */ = {
			isa = PBXVariantGroup;
			children = (
				00A44CE11D839791002FEC2E /* Base */,
			);
			name = Main.storyboard;
			sourceTree = "<group>";
		};
		00A44CE51D839791002FEC2E /* LaunchScreen.storyboard */ = {
			isa = PBXVariantGroup;
			children = (
				00A44CE61D839791002FEC2E /* Base */,
			);
			name = LaunchScreen.storyboard;
			sourceTree = "<group>";
		};
/* End PBXVariantGroup section */

/* Begin XCBuildConfiguration section */
		00A44CF41D839791002FEC2E /* Debug */ = {
			isa = XCBuildConfiguration;
			buildSettings = {
				ALWAYS_SEARCH_USER_PATHS = NO;
				CLANG_ANALYZER_NONNULL = YES;
				CLANG_CXX_LANGUAGE_STANDARD = "gnu++0x";
				CLANG_CXX_LIBRARY = "libc++";
				CLANG_ENABLE_MODULES = YES;
				CLANG_ENABLE_OBJC_ARC = YES;
				CLANG_WARN_BOOL_CONVERSION = YES;
				CLANG_WARN_CONSTANT_CONVERSION = YES;
				CLANG_WARN_DIRECT_OBJC_ISA_USAGE = YES_ERROR;
				CLANG_WARN_EMPTY_BODY = YES;
				CLANG_WARN_ENUM_CONVERSION = YES;
				CLANG_WARN_INT_CONVERSION = YES;
				CLANG_WARN_OBJC_ROOT_CLASS = YES_ERROR;
				CLANG_WARN_UNREACHABLE_CODE = YES;
				CLANG_WARN__DUPLICATE_METHOD_MATCH = YES;
				"CODE_SIGN_IDENTITY[sdk=iphoneos*]" = "iPhone Developer";
				COPY_PHASE_STRIP = NO;
				DEBUG_INFORMATION_FORMAT = dwarf;
				ENABLE_STRICT_OBJC_MSGSEND = YES;
				ENABLE_TESTABILITY = YES;
				GCC_C_LANGUAGE_STANDARD = gnu99;
				GCC_DYNAMIC_NO_PIC = NO;
				GCC_NO_COMMON_BLOCKS = YES;
				GCC_OPTIMIZATION_LEVEL = 0;
				GCC_PREPROCESSOR_DEFINITIONS = (
					"DEBUG=1",
					"$(inherited)",
				);
				GCC_WARN_64_TO_32_BIT_CONVERSION = YES;
				GCC_WARN_ABOUT_RETURN_TYPE = YES_ERROR;
				GCC_WARN_UNDECLARED_SELECTOR = YES;
				GCC_WARN_UNINITIALIZED_AUTOS = YES_AGGRESSIVE;
				GCC_WARN_UNUSED_FUNCTION = YES;
				GCC_WARN_UNUSED_VARIABLE = YES;
				IPHONEOS_DEPLOYMENT_TARGET = 9.3;
				MTL_ENABLE_DEBUG_INFO = YES;
				ONLY_ACTIVE_ARCH = YES;
				SDKROOT = iphoneos;
				SWIFT_OPTIMIZATION_LEVEL = "-Onone";
			};
			name = Debug;
		};
		00A44CF51D839791002FEC2E /* Release */ = {
			isa = XCBuildConfiguration;
			buildSettings = {
				ALWAYS_SEARCH_USER_PATHS = NO;
				CLANG_ANALYZER_NONNULL = YES;
				CLANG_CXX_LANGUAGE_STANDARD = "gnu++0x";
				CLANG_CXX_LIBRARY = "libc++";
				CLANG_ENABLE_MODULES = YES;
				CLANG_ENABLE_OBJC_ARC = YES;
				CLANG_WARN_BOOL_CONVERSION = YES;
				CLANG_WARN_CONSTANT_CONVERSION = YES;
				CLANG_WARN_DIRECT_OBJC_ISA_USAGE = YES_ERROR;
				CLANG_WARN_EMPTY_BODY = YES;
				CLANG_WARN_ENUM_CONVERSION = YES;
				CLANG_WARN_INT_CONVERSION = YES;
				CLANG_WARN_OBJC_ROOT_CLASS = YES_ERROR;
				CLANG_WARN_UNREACHABLE_CODE = YES;
				CLANG_WARN__DUPLICATE_METHOD_MATCH = YES;
				"CODE_SIGN_IDENTITY[sdk=iphoneos*]" = "iPhone Developer";
				COPY_PHASE_STRIP = NO;
				DEBUG_INFORMATION_FORMAT = "dwarf-with-dsym";
				ENABLE_NS_ASSERTIONS = NO;
				ENABLE_STRICT_OBJC_MSGSEND = YES;
				GCC_C_LANGUAGE_STANDARD = gnu99;
				GCC_NO_COMMON_BLOCKS = YES;
				GCC_WARN_64_TO_32_BIT_CONVERSION = YES;
				GCC_WARN_ABOUT_RETURN_TYPE = YES_ERROR;
				GCC_WARN_UNDECLARED_SELECTOR = YES;
				GCC_WARN_UNINITIALIZED_AUTOS = YES_AGGRESSIVE;
				GCC_WARN_UNUSED_FUNCTION = YES;
				GCC_WARN_UNUSED_VARIABLE = YES;
				IPHONEOS_DEPLOYMENT_TARGET = 9.3;
				MTL_ENABLE_DEBUG_INFO = NO;
				SDKROOT = iphoneos;
				VALIDATE_PRODUCT = YES;
			};
			name = Release;
		};
		00A44CF71D839791002FEC2E /* Debug */ = {
			isa = XCBuildConfiguration;
			baseConfigurationReference = 301EB15544ED5EB041C089BD /* Pods-crowdLearning.debug.xcconfig */;
			buildSettings = {
				ASSETCATALOG_COMPILER_APPICON_NAME = AppIcon;
				INFOPLIST_FILE = crowdLearning/Info.plist;
				LD_RUNPATH_SEARCH_PATHS = "$(inherited) @executable_path/Frameworks";
				PRODUCT_BUNDLE_IDENTIFIER = com.myh1000.crowdLearning;
				PRODUCT_NAME = "$(TARGET_NAME)";
			};
			name = Debug;
		};
		00A44CF81D839791002FEC2E /* Release */ = {
			isa = XCBuildConfiguration;
			baseConfigurationReference = 5BC89BC496BB0231F9D2872D /* Pods-crowdLearning.release.xcconfig */;
			buildSettings = {
				ASSETCATALOG_COMPILER_APPICON_NAME = AppIcon;
				INFOPLIST_FILE = crowdLearning/Info.plist;
				LD_RUNPATH_SEARCH_PATHS = "$(inherited) @executable_path/Frameworks";
				PRODUCT_BUNDLE_IDENTIFIER = com.myh1000.crowdLearning;
				PRODUCT_NAME = "$(TARGET_NAME)";
			};
			name = Release;
		};
		00A44CFA1D839791002FEC2E /* Debug */ = {
			isa = XCBuildConfiguration;
			baseConfigurationReference = 3A95CE3F4308F02B69B7E5A9 /* Pods-crowdLearningTests.debug.xcconfig */;
			buildSettings = {
				BUNDLE_LOADER = "$(TEST_HOST)";
				INFOPLIST_FILE = crowdLearningTests/Info.plist;
				LD_RUNPATH_SEARCH_PATHS = "$(inherited) @executable_path/Frameworks @loader_path/Frameworks";
				PRODUCT_BUNDLE_IDENTIFIER = com.myh1000.crowdLearningTests;
				PRODUCT_NAME = "$(TARGET_NAME)";
				TEST_HOST = "$(BUILT_PRODUCTS_DIR)/crowdLearning.app/crowdLearning";
			};
			name = Debug;
		};
		00A44CFB1D839791002FEC2E /* Release */ = {
			isa = XCBuildConfiguration;
			baseConfigurationReference = B84F8E8003F70F742243F373 /* Pods-crowdLearningTests.release.xcconfig */;
			buildSettings = {
				BUNDLE_LOADER = "$(TEST_HOST)";
				INFOPLIST_FILE = crowdLearningTests/Info.plist;
				LD_RUNPATH_SEARCH_PATHS = "$(inherited) @executable_path/Frameworks @loader_path/Frameworks";
				PRODUCT_BUNDLE_IDENTIFIER = com.myh1000.crowdLearningTests;
				PRODUCT_NAME = "$(TARGET_NAME)";
				TEST_HOST = "$(BUILT_PRODUCTS_DIR)/crowdLearning.app/crowdLearning";
			};
			name = Release;
		};
/* End XCBuildConfiguration section */

/* Begin XCConfigurationList section */
		00A44CD41D839791002FEC2E /* Build configuration list for PBXProject "crowdLearning" */ = {
			isa = XCConfigurationList;
			buildConfigurations = (
				00A44CF41D839791002FEC2E /* Debug */,
				00A44CF51D839791002FEC2E /* Release */,
			);
			defaultConfigurationIsVisible = 0;
			defaultConfigurationName = Release;
		};
		00A44CF61D839791002FEC2E /* Build configuration list for PBXNativeTarget "crowdLearning" */ = {
			isa = XCConfigurationList;
			buildConfigurations = (
				00A44CF71D839791002FEC2E /* Debug */,
				00A44CF81D839791002FEC2E /* Release */,
			);
			defaultConfigurationIsVisible = 0;
			defaultConfigurationName = Release;
		};
		00A44CF91D839791002FEC2E /* Build configuration list for PBXNativeTarget "crowdLearningTests" */ = {
			isa = XCConfigurationList;
			buildConfigurations = (
				00A44CFA1D839791002FEC2E /* Debug */,
				00A44CFB1D839791002FEC2E /* Release */,
			);
			defaultConfigurationIsVisible = 0;
			defaultConfigurationName = Release;
		};
/* End XCConfigurationList section */
	};
	rootObject = 00A44CD11D839791002FEC2E /* Project object */;
}
